
Microsoft Visual Studio Solution File, Format Version 12.00
# Visual Studio Version 17
VisualStudioVersion = 17.7.34202.233
MinimumVisualStudioVersion = 10.0.40219.1
Project("{FAE04EC0-301F-11D3-BF4B-00C04F79EFBC}") = "yad2-back", "yad2-back\yad2-back.csproj", "{F1DDD525-CA52-4F07-9876-A99C427A870B}"
EndProject
Global
	GlobalSection(SolutionConfigurationPlatforms) = preSolution
		Debug|Any CPU = Debug|Any CPU
		Release|Any CPU = Release|Any CPU
	EndGlobalSection
	GlobalSection(ProjectConfigurationPlatforms) = postSolution
		{F1DDD525-CA52-4F07-9876-A99C427A870B}.Debug|Any CPU.ActiveCfg = Debug|Any CPU
		{F1DDD525-CA52-4F07-9876-A99C427A870B}.Debug|Any CPU.Build.0 = Debug|Any CPU
		{F1DDD525-CA52-4F07-9876-A99C427A870B}.Release|Any CPU.ActiveCfg = Release|Any CPU
		{F1DDD525-CA52-4F07-9876-A99C427A870B}.Release|Any CPU.Build.0 = Release|Any CPU
	EndGlobalSection
	GlobalSection(SolutionProperties) = preSolution
		HideSolutionNode = FALSE
	EndGlobalSection
	GlobalSection(ExtensibilityGlobals) = postSolution
		SolutionGuid = {18E226C3-F7AE-4D32-B483-CE3A17A9D524}
	EndGlobalSection
EndGlobal
